{
  "version": 4,
  "terraform_version": "1.8.5",
  "serial": 12,
  "lineage": "8fd09923-6ce1-4ed8-f28d-5c397a906fce",
  "outputs": {
    "aws_ec2": {
      "value": [
        "testKey.pem"
      ],
      "type": [
        "list",
        "string"
      ]
    },
    "devOps_Test": {
      "value": "kokomomo",
      "type": "string"
    },
    "info": {
      "value": "John Doe",
      "type": "string"
    }
  },
  "resources": [
    {
      "mode": "managed",
      "type": "local_file",
      "name": "devops",
      "provider": "provider[\"registry.terraform.io/hashicorp/local\"]",
      "instances": [
        {
          "schema_version": 0,
          "attributes": {
            "content": "2nd content",
            "content_base64": null,
            "content_base64sha256": "7XBvbCERpPJwuwiKfDLRbXgAKXiBvz+O8bu+KrTNQ5E=",
            "content_base64sha512": "GoYPurQMytm3UUXMuA8gLzpYqqPoXmmyZV3cM6ui6pbCdulb+mqSg8ibKjHrfzliocpmjfhK/w/4O/PyHkaYmA==",
            "content_md5": "64711f37fa2083c95deb0c7c716029ee",
            "content_sha1": "f3525b66fa3db823075d45d2fc9d237b67d18dc7",
            "content_sha256": "ed706f6c2111a4f270bb088a7c32d16d7800297881bf3f8ef1bbbe2ab4cd4391",
            "content_sha512": "1a860fbab40ccad9b75145ccb80f202f3a58aaa3e85e69b2655ddc33aba2ea96c276e95bfa6a9283c89b2a31eb7f3962a1ca668df84aff0ff83bf3f21e469898",
            "directory_permission": "0777",
            "file_permission": "0777",
            "filename": "/home/ubuntu/terraformCodes/terraformVariables/devOpsTest.txt",
            "id": "f3525b66fa3db823075d45d2fc9d237b67d18dc7",
            "sensitive_content": null,
            "source": null
          },
          "sensitive_attributes": [
            [
              {
                "type": "get_attr",
                "value": "sensitive_content"
              }
            ]
          ]
        }
      ]
    },
    {
      "mode": "managed",
      "type": "local_file",
      "name": "fileList",
      "provider": "provider[\"registry.terraform.io/hashicorp/local\"]",
      "instances": [
        {
          "schema_version": 0,
          "attributes": {
            "content": "2nd content",
            "content_base64": null,
            "content_base64sha256": "7XBvbCERpPJwuwiKfDLRbXgAKXiBvz+O8bu+KrTNQ5E=",
            "content_base64sha512": "GoYPurQMytm3UUXMuA8gLzpYqqPoXmmyZV3cM6ui6pbCdulb+mqSg8ibKjHrfzliocpmjfhK/w/4O/PyHkaYmA==",
            "content_md5": "64711f37fa2083c95deb0c7c716029ee",
            "content_sha1": "f3525b66fa3db823075d45d2fc9d237b67d18dc7",
            "content_sha256": "ed706f6c2111a4f270bb088a7c32d16d7800297881bf3f8ef1bbbe2ab4cd4391",
            "content_sha512": "1a860fbab40ccad9b75145ccb80f202f3a58aaa3e85e69b2655ddc33aba2ea96c276e95bfa6a9283c89b2a31eb7f3962a1ca668df84aff0ff83bf3f21e469898",
            "directory_permission": "0777",
            "file_permission": "0777",
            "filename": "/home/ubuntu/terraformCodes/terraformVariables/file1.txt",
            "id": "f3525b66fa3db823075d45d2fc9d237b67d18dc7",
            "sensitive_content": null,
            "source": null
          },
          "sensitive_attributes": [
            [
              {
                "type": "get_attr",
                "value": "sensitive_content"
              }
            ]
          ]
        }
      ]
    },
    {
      "mode": "managed",
      "type": "local_file",
      "name": "varFromKeyVal",
      "provider": "provider[\"registry.terraform.io/hashicorp/local\"]",
      "instances": [
        {
          "schema_version": 0,
          "attributes": {
            "content": "1st content",
            "content_base64": null,
            "content_base64sha256": "tyve5wKO1LpuDTXI/jsMZu37v+5MZKEMx2O54UngDig=",
            "content_base64sha512": "4+FSh7GorFqGcRXYDCEIKY0qh8TkDN9gE6raDlv5I0U8zslcaUjqo67KxIv5YaObqQHJxTSc8eXL9EczcaO1dA==",
            "content_md5": "66d271dc5e7dea796d21fa499e0c7b2f",
            "content_sha1": "8ed9107fdc07bc464d6337c0402ca47509acb9a4",
            "content_sha256": "b72bdee7028ed4ba6e0d35c8fe3b0c66edfbbfee4c64a10cc763b9e149e00e28",
            "content_sha512": "e3e15287b1a8ac5a867115d80c2108298d2a87c4e40cdf6013aada0e5bf923453ccec95c6948eaa3aecac48bf961a39ba901c9c5349cf1e5cbf4473371a3b574",
            "directory_permission": "0777",
            "file_permission": "0777",
            "filename": "/home/ubuntu/terraformCodes/terraformVariables/devOpsAutomated.txt",
            "id": "8ed9107fdc07bc464d6337c0402ca47509acb9a4",
            "sensitive_content": null,
            "source": null
          },
          "sensitive_attributes": [
            [
              {
                "type": "get_attr",
                "value": "sensitive_content"
              }
            ]
          ]
        }
      ]
    }
  ],
  "check_results": null
}
